PODS:
  - AWSAuthCore (2.24.5):
    - AWSCore (= 2.24.5)
  - AWSCognitoIdentityProvider (2.24.5):
    - AWSCognitoIdentityProviderASF (= 2.24.5)
    - AWSCore (= 2.24.5)
  - AWSCognitoIdentityProviderASF (2.24.5)
  - AWSCore (2.24.5)
  - AWSMobileClient (2.24.5):
    - AWSAuthCore (= 2.24.5)
    - AWSCognitoIdentityProvider (= 2.24.5)
    - AWSCognitoIdentityProviderASF (= 2.24.5)
    - AWSCore (= 2.24.5)
  - AWSS3 (2.24.5):
    - AWSCore (= 2.24.5)
  - BlueCryptor (1.0.32)
  - BlueECC (1.2.5)
  - BlueRSA (1.0.200)
  - KituraContracts (1.2.1):
    - LoggerAPI (~> 1.7)
  - LoggerAPI (1.9.200):
    - Logging (~> 1.1)
  - Logging (1.4.0)
  - SwiftJWT (3.6.200):
    - BlueCryptor (~> 1.0)
    - BlueECC (~> 1.1)
    - BlueRSA (~> 1.0)
    - KituraContracts (~> 1.2)
    - LoggerAPI (~> 1.7)

DEPENDENCIES:
  - AWSMobileClient (~> 2.24.0)
  - AWSS3 (~> 2.24.0)
  - SwiftJWT

SPEC REPOS:
  trunk:
    - AWSAuthCore
    - AWSCognitoIdentityProvider
    - AWSCognitoIdentityProviderASF
    - AWSCore
    - AWSMobileClient
    - AWSS3
    - BlueCryptor
    - BlueECC
    - BlueRSA
    - KituraContracts
    - LoggerAPI
    - Logging
    - SwiftJWT

SPEC CHECKSUMS:
  AWSAuthCore: 73f2e518d32f094b656fea905651bc3288ef05c0
  AWSCognitoIdentityProvider: d32ff306a4d3aafcdc42ce40bd36e44d3f274201
  AWSCognitoIdentityProviderASF: 1ccfe4092b617de54f203c1b728e7be6f49716c1
  AWSCore: 2d4b06b24e2f882deec23567438195818b16a3f2
  AWSMobileClient: 72e55c9c7162516feab354aa67f4d38dcecdcfc7
  AWSS3: 44a55115c5767e945049395584b747144e82d423
  BlueCryptor: b0aee3d9b8f367b49b30de11cda90e1735571c24
  BlueECC: 0d18e93347d3ec6d41416de21c1ffa4d4cd3c2cc
  BlueRSA: dfeef51db96bcc4edec654956c1581adbda4e6a3
  KituraContracts: e845e60dc8627ad0a76fa55ef20a45451d8f830b
  LoggerAPI: ad9c4a6f1e32f518fdb43a1347ac14d765ab5e3d
  Logging: beeb016c9c80cf77042d62e83495816847ef108b
  SwiftJWT: 88c412708f58c169d431d344c87bc79a87c830ae

PODFILE CHECKSUM: 728cd144a4dc4e60c8506fd068929b157be06c66

COCOAPODS: 1.15.2
