PODS:
  - AWSAuthCore (2.15.3):
    - AWSCore (= 2.15.3)
  - AWSCognitoIdentityProvider (2.15.3):
    - AWSCognitoIdentityProviderASF (= 1.0.2)
    - AWSCore (= 2.15.3)
  - AWSCognitoIdentityProviderASF (1.0.2)
  - AWSCore (2.15.3)
  - AWSMobileClient (2.15.3):
    - AWSAuthCore (= 2.15.3)
    - AWSCognitoIdentityProvider (= 2.15.3)
  - AWSS3 (2.15.3):
    - AWSCore (= 2.15.3)
  - BlueCryptor (1.0.32)
  - BlueECC (1.2.5)
  - BlueRSA (1.0.200)
  - KituraContracts (1.2.1):
    - LoggerAPI (~> 1.7)
  - LoggerAPI (1.9.200):
    - Logging (~> 1.1)
  - Logging (1.4.0)
  - SwiftJWT (3.6.200):
    - BlueCryptor (~> 1.0)
    - BlueECC (~> 1.1)
    - BlueRSA (~> 1.0)
    - KituraContracts (~> 1.2)
    - LoggerAPI (~> 1.7)

DEPENDENCIES:
  - AWSMobileClient (~> 2.15.1)
  - AWSS3 (~> 2.15.1)
  - SwiftJWT

SPEC REPOS:
  trunk:
    - AWSAuthCore
    - AWSCognitoIdentityProvider
    - AWSCognitoIdentityProviderASF
    - AWSCore
    - AWSMobileClient
    - AWSS3
    - BlueCryptor
    - BlueECC
    - BlueRSA
    - KituraContracts
    - LoggerAPI
    - Logging
    - SwiftJWT

SPEC CHECKSUMS:
  AWSAuthCore: 598e8eb56e12799877414d10b04598de12a15992
  AWSCognitoIdentityProvider: 4a721292eda37a8c3ef451e8fec28abe14aff18e
  AWSCognitoIdentityProviderASF: 0fb6ea671c05a63276e320726f680cd880522442
  AWSCore: 5a8f9d7461dbe5ea6a5473c41cf113b687e19136
  AWSMobileClient: 5c29678413764ee3bcd528421331deb0a35b72fb
  AWSS3: 04a7e689791b382d2d1e29cda6852048e0555635
  BlueCryptor: b0aee3d9b8f367b49b30de11cda90e1735571c24
  BlueECC: 0d18e93347d3ec6d41416de21c1ffa4d4cd3c2cc
  BlueRSA: dfeef51db96bcc4edec654956c1581adbda4e6a3
  KituraContracts: e845e60dc8627ad0a76fa55ef20a45451d8f830b
  LoggerAPI: ad9c4a6f1e32f518fdb43a1347ac14d765ab5e3d
  Logging: beeb016c9c80cf77042d62e83495816847ef108b
  SwiftJWT: 88c412708f58c169d431d344c87bc79a87c830ae

PODFILE CHECKSUM: 12695c4217f7fd56ed0d436d74cd599fefb50295

COCOAPODS: 1.15.2
