PODS:
  - AWSAuthCore (2.15.3):
    - AWSCore (= 2.15.3)
  - AWSCognitoIdentityProvider (2.15.3):
    - AWSCognitoIdentityProviderASF (= 1.0.2)
    - AWSCore (= 2.15.3)
  - AWSCognitoIdentityProviderASF (1.0.2)
  - AWSCore (2.15.3)
  - AWSMobileClient (2.15.3):
    - AWSAuthCore (= 2.15.3)
    - AWSCognitoIdentityProvider (= 2.15.3)
  - AWSS3 (2.15.3):
    - AWSCore (= 2.15.3)
  - BlueCryptor (1.0.32)
  - BlueECC (1.2.5)
  - BlueRSA (1.0.200)
  - HandyJSON (5.0.4-beta)
  - IQKeyboardManagerSwift (7.1.1)
  - KituraContracts (1.2.1):
    - LoggerAPI (~> 1.7)
  - LoggerAPI (1.9.200):
    - Logging (~> 1.1)
  - Logging (1.4.0)
  - SwiftJWT (3.6.200):
    - BlueCryptor (~> 1.0)
    - BlueECC (~> 1.1)
    - BlueRSA (~> 1.0)
    - KituraContracts (~> 1.2)
    - LoggerAPI (~> 1.7)
  - TagListView (1.4.1)
  - WCDB.swift (2.1.8):
    - WCDBOptimizedSQLCipher (= 1.4.6)
  - WCDBOptimizedSQLCipher (1.4.6)

DEPENDENCIES:
  - AWSMobileClient (~> 2.15.1)
  - AWSS3 (~> 2.15.1)
  - HandyJSON (from `https://github.com/Miles-Matheson/HandyJSON.git`)
  - IQKeyboardManagerSwift
  - SwiftJWT
  - TagListView (~> 1.0)
  - WCDB.swift

SPEC REPOS:
  trunk:
    - AWSAuthCore
    - AWSCognitoIdentityProvider
    - AWSCognitoIdentityProviderASF
    - AWSCore
    - AWSMobileClient
    - AWSS3
    - BlueCryptor
    - BlueECC
    - BlueRSA
    - IQKeyboardManagerSwift
    - KituraContracts
    - LoggerAPI
    - Logging
    - SwiftJWT
    - TagListView
    - WCDB.swift
    - WCDBOptimizedSQLCipher

EXTERNAL SOURCES:
  HandyJSON:
    :git: https://github.com/Miles-Matheson/HandyJSON.git

CHECKOUT OPTIONS:
  HandyJSON:
    :commit: de8a7126d2270da55cea3cb45dadffcfd002dbbe
    :git: https://github.com/Miles-Matheson/HandyJSON.git

SPEC CHECKSUMS:
  AWSAuthCore: 598e8eb56e12799877414d10b04598de12a15992
  AWSCognitoIdentityProvider: 4a721292eda37a8c3ef451e8fec28abe14aff18e
  AWSCognitoIdentityProviderASF: 0fb6ea671c05a63276e320726f680cd880522442
  AWSCore: 5a8f9d7461dbe5ea6a5473c41cf113b687e19136
  AWSMobileClient: 5c29678413764ee3bcd528421331deb0a35b72fb
  AWSS3: 04a7e689791b382d2d1e29cda6852048e0555635
  BlueCryptor: b0aee3d9b8f367b49b30de11cda90e1735571c24
  BlueECC: 0d18e93347d3ec6d41416de21c1ffa4d4cd3c2cc
  BlueRSA: dfeef51db96bcc4edec654956c1581adbda4e6a3
  HandyJSON: a9c67202df97805a0ba4a00e30b50e9a30ac28f3
  IQKeyboardManagerSwift: d7f3d3a562c237a0e7335e657cd598c452f57f1b
  KituraContracts: e845e60dc8627ad0a76fa55ef20a45451d8f830b
  LoggerAPI: ad9c4a6f1e32f518fdb43a1347ac14d765ab5e3d
  Logging: beeb016c9c80cf77042d62e83495816847ef108b
  SwiftJWT: 88c412708f58c169d431d344c87bc79a87c830ae
  TagListView: a1c236d17960a0cf64156725a76ce6d73ebce2be
  WCDB.swift: 603b32d432a58ec2e6eef8965d8bd6bb3cc7c39a
  WCDBOptimizedSQLCipher: c6451e1dead7ec53e1344a2545aaed2c4c139fc0

PODFILE CHECKSUM: 86aafe2c1cb851905764af3ca1836ceaef12b547

COCOAPODS: 1.15.2
